// !$*UTF8*$!
{
	archiveVersion = 1;
	classes = {
	};
	objectVersion = 48;
	objects = {

/* Begin PBXBuildFile section */
		AF5448B51FC056BC000DABD0 /* AppDelegate.swift in Sources */ = {isa = PBXBuildFile; fileRef = AF5448B41FC056BC000DABD0 /* AppDelegate.swift */; };
		AF5448BA1FC056BC000DABD0 /* Main.storyboard in Resources */ = {isa = PBXBuildFile; fileRef = AF5448B81FC056BC000DABD0 /* Main.storyboard */; };
		AF5448BC1FC056BC000DABD0 /* Assets.xcassets in Resources */ = {isa = PBXBuildFile; fileRef = AF5448BB1FC056BC000DABD0 /* Assets.xcassets */; };
		AF5448BF1FC056BC000DABD0 /* LaunchScreen.storyboard in Resources */ = {isa = PBXBuildFile; fileRef = AF5448BD1FC056BC000DABD0 /* LaunchScreen.storyboard */; };
		AF5448C71FC05795000DABD0 /* Element.swift in Sources */ = {isa = PBXBuildFile; fileRef = AF5448C61FC05794000DABD0 /* Element.swift */; };
		AF5448C91FC057E2000DABD0 /* ElementViewController.swift in Sources */ = {isa = PBXBuildFile; fileRef = AF5448C81FC057E2000DABD0 /* ElementViewController.swift */; };
		AF5448CB1FC05963000DABD0 /* ElementDetailViewController.swift in Sources */ = {isa = PBXBuildFile; fileRef = AF5448CA1FC05963000DABD0 /* ElementDetailViewController.swift */; };
/* End PBXBuildFile section */

/* Begin PBXFileReference section */
		AF5448B11FC056BC000DABD0 /* ElementTableViewSegue.app */ = {isa = PBXFileReference; explicitFileType = wrapper.application; includeInIndex = 0; path = ElementTableViewSegue.app; sourceTree = BUILT_PRODUCTS_DIR; };
		AF5448B41FC056BC000DABD0 /* AppDelegate.swift */ = {isa = PBXFileReference; lastKnownFileType = sourcecode.swift; path = AppDelegate.swift; sourceTree = "<group>"; };
		AF5448B91FC056BC000DABD0 /* Base */ = {isa = PBXFileReference; lastKnownFileType = file.storyboard; name = Base; path = Base.lproj/Main.storyboard; sourceTree = "<group>"; };
		AF5448BB1FC056BC000DABD0 /* Assets.xcassets */ = {isa = PBXFileReference; lastKnownFileType = folder.assetcatalog; path = Assets.xcassets; sourceTree = "<group>"; };
		AF5448BE1FC056BC000DABD0 /* Base */ = {isa = PBXFileReference; lastKnownFileType = file.storyboard; name = Base; path = Base.lproj/LaunchScreen.storyboard; sourceTree = "<group>"; };
		AF5448C01FC056BC000DABD0 /* Info.plist */ = {isa = PBXFileReference; lastKnownFileType = text.plist.xml; path = Info.plist; sourceTree = "<group>"; };
		AF5448C61FC05794000DABD0 /* Element.swift */ = {isa = PBXFileReference; lastKnownFileType = sourcecode.swift; path = Element.swift; sourceTree = "<group>"; };
		AF5448C81FC057E2000DABD0 /* ElementViewController.swift */ = {isa = PBXFileReference; lastKnownFileType = sourcecode.swift; path = ElementViewController.swift; sourceTree = "<group>"; };
		AF5448CA1FC05963000DABD0 /* ElementDetailViewController.swift */ = {isa = PBXFileReference; lastKnownFileType = sourcecode.swift; path = ElementDetailViewController.swift; sourceTree = "<group>"; };
/* End PBXFileReference section */

/* Begin PBXFrameworksBuildPhase section */
		AF5448AE1FC056BB000DABD0 /* Frameworks */ = {
			isa = PBXFrameworksBuildPhase;
			buildActionMask = 2147483647;
			files = (
			);
			runOnlyForDeploymentPostprocessing = 0;
		};
/* End PBXFrameworksBuildPhase section */

/* Begin PBXGroup section */
		AF5448A81FC056BB000DABD0 = {
			isa = PBXGroup;
			children = (
				AF5448B31FC056BC000DABD0 /* ElementTableViewSegue */,
				AF5448B21FC056BC000DABD0 /* Products */,
			);
			sourceTree = "<group>";
		};
		AF5448B21FC056BC000DABD0 /* Products */ = {
			isa = PBXGroup;
			children = (
				AF5448B11FC056BC000DABD0 /* ElementTableViewSegue.app */,
			);
			name = Products;
			sourceTree = "<group>";
		};
		AF5448B31FC056BC000DABD0 /* ElementTableViewSegue */ = {
			isa = PBXGroup;
			children = (
				AF5448B41FC056BC000DABD0 /* AppDelegate.swift */,
				AF5448B81FC056BC000DABD0 /* Main.storyboard */,
				AF5448BB1FC056BC000DABD0 /* Assets.xcassets */,
				AF5448BD1FC056BC000DABD0 /* LaunchScreen.storyboard */,
				AF5448C01FC056BC000DABD0 /* Info.plist */,
				AF5448C61FC05794000DABD0 /* Element.swift */,
				AF5448C81FC057E2000DABD0 /* ElementViewController.swift */,
				AF5448CA1FC05963000DABD0 /* ElementDetailViewController.swift */,
			);
			path = ElementTableViewSegue;
			sourceTree = "<group>";
		};
/* End PBXGroup section */

/* Begin PBXNativeTarget section */
		AF5448B01FC056BB000DABD0 /* ElementTableViewSegue */ = {
			isa = PBXNativeTarget;
			buildConfigurationList = AF5448C31FC056BC000DABD0 /* Build configuration list for PBXNativeTarget "ElementTableViewSegue" */;
			buildPhases = (
				AF5448AD1FC056BB000DABD0 /* Sources */,
				AF5448AE1FC056BB000DABD0 /* Frameworks */,
				AF5448AF1FC056BB000DABD0 /* Resources */,
			);
			buildRules = (
			);
			dependencies = (
			);
			name = ElementTableViewSegue;
			productName = ElementTableViewSegue;
			productReference = AF5448B11FC056BC000DABD0 /* ElementTableViewSegue.app */;
			productType = "com.apple.product-type.application";
		};
/* End PBXNativeTarget section */

/* Begin PBXProject section */
		AF5448A91FC056BB000DABD0 /* Project object */ = {
			isa = PBXProject;
			attributes = {
				LastSwiftUpdateCheck = 0910;
				LastUpgradeCheck = 0910;
				ORGANIZATIONNAME = "Ani Adhikary";
				TargetAttributes = {
					AF5448B01FC056BB000DABD0 = {
						CreatedOnToolsVersion = 9.1;
						ProvisioningStyle = Automatic;
					};
				};
			};
			buildConfigurationList = AF5448AC1FC056BB000DABD0 /* Build configuration list for PBXProject "ElementTableViewSegue" */;
			compatibilityVersion = "Xcode 8.0";
			developmentRegion = en;
			hasScannedForEncodings = 0;
			knownRegions = (
				en,
				Base,
			);
			mainGroup = AF5448A81FC056BB000DABD0;
			productRefGroup = AF5448B21FC056BC000DABD0 /* Products */;
			projectDirPath = "";
			projectRoot = "";
			targets = (
				AF5448B01FC056BB000DABD0 /* ElementTableViewSegue */,
			);
		};
/* End PBXProject section */

/* Begin PBXResourcesBuildPhase section */
		AF5448AF1FC056BB000DABD0 /* Resources */ = {
			isa = PBXResourcesBuildPhase;
			buildActionMask = 2147483647;
			files = (
				AF5448BF1FC056BC000DABD0 /* LaunchScreen.storyboard in Resources */,
				AF5448BC1FC056BC000DABD0 /* Assets.xcassets in Resources */,
				AF5448BA1FC056BC000DABD0 /* Main.storyboard in Resources */,
			);
			runOnlyForDeploymentPostprocessing = 0;
		};
/* End PBXResourcesBuildPhase section */

/* Begin PBXSourcesBuildPhase section */
		AF5448AD1FC056BB000DABD0 /* Sources */ = {
			isa = PBXSourcesBuildPhase;
			buildActionMask = 2147483647;
			files = (
				AF5448CB1FC05963000DABD0 /* ElementDetailViewController.swift in Sources */,
				AF5448B51FC056BC000DABD0 /* AppDelegate.swift in Sources */,
				AF5448C71FC05795000DABD0 /* Element.swift in Sources */,
				AF5448C91FC057E2000DABD0 /* ElementViewController.swift in Sources */,
			);
			runOnlyForDeploymentPostprocessing = 0;
		};
/* End PBXSourcesBuildPhase section */

/* Begin PBXVariantGroup section */
		AF5448B81FC056BC000DABD0 /* Main.storyboard */ = {
			isa = PBXVariantGroup;
			children = (
				AF5448B91FC056BC000DABD0 /* Base */,
			);
			name = Main.storyboard;
			sourceTree = "<group>";
		};
		AF5448BD1FC056BC000DABD0 /* LaunchScreen.storyboard */ = {
			isa = PBXVariantGroup;
			children = (
				AF5448BE1FC056BC000DABD0 /* Base */,
			);
			name = LaunchScreen.storyboard;
			sourceTree = "<group>";
		};
/* End PBXVariantGroup section */

/* Begin XCBuildConfiguration section */
		AF5448C11FC056BC000DABD0 /* Debug */ = {
			isa = XCBuildConfiguration;
			buildSettings = {
				ALWAYS_SEARCH_USER_PATHS = NO;
				CLANG_ANALYZER_NONNULL = YES;
				CLANG_ANALYZER_NUMBER_OBJECT_CONVERSION = YES_AGGRESSIVE;
				CLANG_CXX_LANGUAGE_STANDARD = "gnu++14";
				CLANG_CXX_LIBRARY = "libc++";
				CLANG_ENABLE_MODULES = YES;
				CLANG_ENABLE_OBJC_ARC = YES;
				CLANG_WARN_BLOCK_CAPTURE_AUTORELEASING = YES;
				CLANG_WARN_BOOL_CONVERSION = YES;
				CLANG_WARN_COMMA = YES;
				CLANG_WARN_CONSTANT_CONVERSION = YES;
				CLANG_WARN_DIRECT_OBJC_ISA_USAGE = YES_ERROR;
				CLANG_WARN_DOCUMENTATION_COMMENTS = YES;
				CLANG_WARN_EMPTY_BODY = YES;
				CLANG_WARN_ENUM_CONVERSION = YES;
				CLANG_WARN_INFINITE_RECURSION = YES;
				CLANG_WARN_INT_CONVERSION = YES;
				CLANG_WARN_NON_LITERAL_NULL_CONVERSION = YES;
				CLANG_WARN_OBJC_LITERAL_CONVERSION = YES;
				CLANG_WARN_OBJC_ROOT_CLASS = YES_ERROR;
				CLANG_WARN_RANGE_LOOP_ANALYSIS = YES;
				CLANG_WARN_STRICT_PROTOTYPES = YES;
				CLANG_WARN_SUSPICIOUS_MOVE = YES;
				CLANG_WARN_UNGUARDED_AVAILABILITY = YES_AGGRESSIVE;
				CLANG_WARN_UNREACHABLE_CODE = YES;
				CLANG_WARN__DUPLICATE_METHOD_MATCH = YES;
				CODE_SIGN_IDENTITY = "iPhone Developer";
				COPY_PHASE_STRIP = NO;
				DEBUG_INFORMATION_FORMAT = dwarf;
				ENABLE_STRICT_OBJC_MSGSEND = YES;
				ENABLE_TESTABILITY = YES;
				GCC_C_LANGUAGE_STANDARD = gnu11;
				GCC_DYNAMIC_NO_PIC = NO;
				GCC_NO_COMMON_BLOCKS = YES;
				GCC_OPTIMIZATION_LEVEL = 0;
				GCC_PREPROCESSOR_DEFINITIONS = (
					"DEBUG=1",
					"$(inherited)",
				);
				GCC_WARN_64_TO_32_BIT_CONVERSION = YES;
				GCC_WARN_ABOUT_RETURN_TYPE = YES_ERROR;
				GCC_WARN_UNDECLARED_SELECTOR = YES;
				GCC_WARN_UNINITIALIZED_AUTOS = YES_AGGRESSIVE;
				GCC_WARN_UNUSED_FUNCTION = YES;
				GCC_WARN_UNUSED_VARIABLE = YES;
				IPHONEOS_DEPLOYMENT_TARGET = 11.1;
				MTL_ENABLE_DEBUG_INFO = YES;
				ONLY_ACTIVE_ARCH = YES;
				SDKROOT = iphoneos;
				SWIFT_ACTIVE_COMPILATION_CONDITIONS = DEBUG;
				SWIFT_OPTIMIZATION_LEVEL = "-Onone";
			};
			name = Debug;
		};
		AF5448C21FC056BC000DABD0 /* Release */ = {
			isa = XCBuildConfiguration;
			buildSettings = {
				ALWAYS_SEARCH_USER_PATHS = NO;
				CLANG_ANALYZER_NONNULL = YES;
				CLANG_ANALYZER_NUMBER_OBJECT_CONVERSION = YES_AGGRESSIVE;
				CLANG_CXX_LANGUAGE_STANDARD = "gnu++14";
				CLANG_CXX_LIBRARY = "libc++";
				CLANG_ENABLE_MODULES = YES;
				CLANG_ENABLE_OBJC_ARC = YES;
				CLANG_WARN_BLOCK_CAPTURE_AUTORELEASING = YES;
				CLANG_WARN_BOOL_CONVERSION = YES;
				CLANG_WARN_COMMA = YES;
				CLANG_WARN_CONSTANT_CONVERSION = YES;
				CLANG_WARN_DIRECT_OBJC_ISA_USAGE = YES_ERROR;
				CLANG_WARN_DOCUMENTATION_COMMENTS = YES;
				CLANG_WARN_EMPTY_BODY = YES;
				CLANG_WARN_ENUM_CONVERSION = YES;
				CLANG_WARN_INFINITE_RECURSION = YES;
				CLANG_WARN_INT_CONVERSION = YES;
				CLANG_WARN_NON_LITERAL_NULL_CONVERSION = YES;
				CLANG_WARN_OBJC_LITERAL_CONVERSION = YES;
				CLANG_WARN_OBJC_ROOT_CLASS = YES_ERROR;
				CLANG_WARN_RANGE_LOOP_ANALYSIS = YES;
				CLANG_WARN_STRICT_PROTOTYPES = YES;
				CLANG_WARN_SUSPICIOUS_MOVE = YES;
				CLANG_WARN_UNGUARDED_AVAILABILITY = YES_AGGRESSIVE;
				CLANG_WARN_UNREACHABLE_CODE = YES;
				CLANG_WARN__DUPLICATE_METHOD_MATCH = YES;
				CODE_SIGN_IDENTITY = "iPhone Developer";
				COPY_PHASE_STRIP = NO;
				DEBUG_INFORMATION_FORMAT = "dwarf-with-dsym";
				ENABLE_NS_ASSERTIONS = NO;
				ENABLE_STRICT_OBJC_MSGSEND = YES;
				GCC_C_LANGUAGE_STANDARD = gnu11;
				GCC_NO_COMMON_BLOCKS = YES;
				GCC_WARN_64_TO_32_BIT_CONVERSION = YES;
				GCC_WARN_ABOUT_RETURN_TYPE = YES_ERROR;
				GCC_WARN_UNDECLARED_SELECTOR = YES;
				GCC_WARN_UNINITIALIZED_AUTOS = YES_AGGRESSIVE;
				GCC_WARN_UNUSED_FUNCTION = YES;
				GCC_WARN_UNUSED_VARIABLE = YES;
				IPHONEOS_DEPLOYMENT_TARGET = 11.1;
				MTL_ENABLE_DEBUG_INFO = NO;
				SDKROOT = iphoneos;
				SWIFT_OPTIMIZATION_LEVEL = "-Owholemodule";
				VALIDATE_PRODUCT = YES;
			};
			name = Release;
		};
		AF5448C41FC056BC000DABD0 /* Debug */ = {
			isa = XCBuildConfiguration;
			buildSettings = {
				ASSETCATALOG_COMPILER_APPICON_NAME = AppIcon;
				CODE_SIGN_STYLE = Automatic;
				DEVELOPMENT_TEAM = 88U96YJR6M;
				INFOPLIST_FILE = ElementTableViewSegue/Info.plist;
				LD_RUNPATH_SEARCH_PATHS = "$(inherited) @executable_path/Frameworks";
				PRODUCT_BUNDLE_IDENTIFIER = com.thetechstory.ElementTableViewSegue;
				PRODUCT_NAME = "$(TARGET_NAME)";
				SWIFT_VERSION = 4.0;
				TARGETED_DEVICE_FAMILY = "1,2";
			};
			name = Debug;
		};
		AF5448C51FC056BC000DABD0 /* Release */ = {
			isa = XCBuildConfiguration;
			buildSettings = {
				ASSETCATALOG_COMPILER_APPICON_NAME = AppIcon;
				CODE_SIGN_STYLE = Automatic;
				DEVELOPMENT_TEAM = 88U96YJR6M;
				INFOPLIST_FILE = ElementTableViewSegue/Info.plist;
				LD_RUNPATH_SEARCH_PATHS = "$(inherited) @executable_path/Frameworks";
				PRODUCT_BUNDLE_IDENTIFIER = com.thetechstory.ElementTableViewSegue;
				PRODUCT_NAME = "$(TARGET_NAME)";
				SWIFT_VERSION = 4.0;
				TARGETED_DEVICE_FAMILY = "1,2";
			};
			name = Release;
		};
/* End XCBuildConfiguration section */

/* Begin XCConfigurationList section */
		AF5448AC1FC056BB000DABD0 /* Build configuration list for PBXProject "ElementTableViewSegue" */ = {
			isa = XCConfigurationList;
			buildConfigurations = (
				AF5448C11FC056BC000DABD0 /* Debug */,
				AF5448C21FC056BC000DABD0 /* Release */,
			);
			defaultConfigurationIsVisible = 0;
			defaultConfigurationName = Release;
		};
		AF5448C31FC056BC000DABD0 /* Build configuration list for PBXNativeTarget "ElementTableViewSegue" */ = {
			isa = XCConfigurationList;
			buildConfigurations = (
				AF5448C41FC056BC000DABD0 /* Debug */,
				AF5448C51FC056BC000DABD0 /* Release */,
			);
			defaultConfigurationIsVisible = 0;
			defaultConfigurationName = Release;
		};
/* End XCConfigurationList section */
	};
	rootObject = AF5448A91FC056BB000DABD0 /* Project object */;
}
